
Microsoft Visual Studio Solution File, Format Version 12.00
# Visual Studio 15
VisualStudioVersion = 15.0.27703.2026
MinimumVisualStudioVersion = 10.0.40219.1
Project("{FAE04EC0-301F-11D3-BF4B-00C04F79EFBC}") = "ServiceHost", "ServiceHost\ServiceHost.csproj", "{3185E498-BA30-44BB-8029-8A32DCEFEF84}"
EndProject
Project("{FAE04EC0-301F-11D3-BF4B-00C04F79EFBC}") = "AndroidAppBackend", "AndroidAppBackend\AndroidAppBackend.csproj", "{AC18BD00-6DAF-427C-B5AE-44DB03F2C8FE}"
EndProject
Global
	GlobalSection(SolutionConfigurationPlatforms) = preSolution
		Debug|Any CPU = Debug|Any CPU
		Release|Any CPU = Release|Any CPU
	EndGlobalSection
	GlobalSection(ProjectConfigurationPlatforms) = postSolution
		{3185E498-BA30-44BB-8029-8A32DCEFEF84}.Debug|Any CPU.ActiveCfg = Debug|Any CPU
		{3185E498-BA30-44BB-8029-8A32DCEFEF84}.Debug|Any CPU.Build.0 = Debug|Any CPU
		{3185E498-BA30-44BB-8029-8A32DCEFEF84}.Release|Any CPU.ActiveCfg = Release|Any CPU
		{3185E498-BA30-44BB-8029-8A32DCEFEF84}.Release|Any CPU.Build.0 = Release|Any CPU
		{AC18BD00-6DAF-427C-B5AE-44DB03F2C8FE}.Debug|Any CPU.ActiveCfg = Debug|Any CPU
		{AC18BD00-6DAF-427C-B5AE-44DB03F2C8FE}.Debug|Any CPU.Build.0 = Debug|Any CPU
		{AC18BD00-6DAF-427C-B5AE-44DB03F2C8FE}.Release|Any CPU.ActiveCfg = Release|Any CPU
		{AC18BD00-6DAF-427C-B5AE-44DB03F2C8FE}.Release|Any CPU.Build.0 = Release|Any CPU
	EndGlobalSection
	GlobalSection(SolutionProperties) = preSolution
		HideSolutionNode = FALSE
	EndGlobalSection
	GlobalSection(ExtensibilityGlobals) = postSolution
		SolutionGuid = {3054DC5F-E22F-4760-879D-497370963750}
	EndGlobalSection
EndGlobal
